// !$*UTF8*$!
{
	archiveVersion = 1;
	classes = {
	};
	objectVersion = 56;
	objects = {

/* Begin PBXBuildFile section */
		BDF724C02BBF2F44000B8C8F /* AppDelegate.swift in Sources */ = {isa = PBXBuildFile; fileRef = BDF724BF2BBF2F44000B8C8F /* AppDelegate.swift */; };
		BDF724C22BBF2F44000B8C8F /* SceneDelegate.swift in Sources */ = {isa = PBXBuildFile; fileRef = BDF724C12BBF2F44000B8C8F /* SceneDelegate.swift */; };
		BDF724C92BBF2F45000B8C8F /* Assets.xcassets in Resources */ = {isa = PBXBuildFile; fileRef = BDF724C82BBF2F45000B8C8F /* Assets.xcassets */; };
		BDF724CC2BBF2F45000B8C8F /* LaunchScreen.storyboard in Resources */ = {isa = PBXBuildFile; fileRef = BDF724CA2BBF2F45000B8C8F /* LaunchScreen.storyboard */; };
		BDF724DA2BBF4D21000B8C8F /* Router.swift in Sources */ = {isa = PBXBuildFile; fileRef = BDF724D92BBF4D21000B8C8F /* Router.swift */; };
		BDF724DC2BBF4D5B000B8C8F /* AppRouter.swift in Sources */ = {isa = PBXBuildFile; fileRef = BDF724DB2BBF4D5B000B8C8F /* AppRouter.swift */; };
		BDF724DE2BBF4D86000B8C8F /* AppTransition.swift in Sources */ = {isa = PBXBuildFile; fileRef = BDF724DD2BBF4D86000B8C8F /* AppTransition.swift */; };
		BDF724E12BBF4E0A000B8C8F /* Coordinator.swift in Sources */ = {isa = PBXBuildFile; fileRef = BDF724E02BBF4E0A000B8C8F /* Coordinator.swift */; };
		BDF724E32BBF4E45000B8C8F /* FirstView.swift in Sources */ = {isa = PBXBuildFile; fileRef = BDF724E22BBF4E45000B8C8F /* FirstView.swift */; };
		BDF724E52BBF4E69000B8C8F /* SecondView.swift in Sources */ = {isa = PBXBuildFile; fileRef = BDF724E42BBF4E69000B8C8F /* SecondView.swift */; };
		BDF724E72BBF4E7C000B8C8F /* ThirdView.swift in Sources */ = {isa = PBXBuildFile; fileRef = BDF724E62BBF4E7C000B8C8F /* ThirdView.swift */; };
		BDF724E92BBF4E92000B8C8F /* FirstCoordinator.swift in Sources */ = {isa = PBXBuildFile; fileRef = BDF724E82BBF4E92000B8C8F /* FirstCoordinator.swift */; };
		BDF724EB2BBF4E9F000B8C8F /* FirstTransition.swift in Sources */ = {isa = PBXBuildFile; fileRef = BDF724EA2BBF4E9F000B8C8F /* FirstTransition.swift */; };
		BDF724ED2BBF4EAC000B8C8F /* FirstRouter.swift in Sources */ = {isa = PBXBuildFile; fileRef = BDF724EC2BBF4EAC000B8C8F /* FirstRouter.swift */; };
		BDF724EF2BBF5037000B8C8F /* App.swift in Sources */ = {isa = PBXBuildFile; fileRef = BDF724EE2BBF5037000B8C8F /* App.swift */; };
		BDF724F62BBF6292000B8C8F /* QRScannerUIView.swift in Sources */ = {isa = PBXBuildFile; fileRef = BDF724F52BBF6291000B8C8F /* QRScannerUIView.swift */; };
		BDF724F82BBF6984000B8C8F /* QRScannerView.swift in Sources */ = {isa = PBXBuildFile; fileRef = BDF724F72BBF6984000B8C8F /* QRScannerView.swift */; };
/* End PBXBuildFile section */

/* Begin PBXFileReference section */
		BDF724BC2BBF2F44000B8C8F /* QR-Interactor.app */ = {isa = PBXFileReference; explicitFileType = wrapper.application; includeInIndex = 0; path = "QR-Interactor.app"; sourceTree = BUILT_PRODUCTS_DIR; };
		BDF724BF2BBF2F44000B8C8F /* AppDelegate.swift */ = {isa = PBXFileReference; lastKnownFileType = sourcecode.swift; path = AppDelegate.swift; sourceTree = "<group>"; };
		BDF724C12BBF2F44000B8C8F /* SceneDelegate.swift */ = {isa = PBXFileReference; lastKnownFileType = sourcecode.swift; path = SceneDelegate.swift; sourceTree = "<group>"; };
		BDF724C82BBF2F45000B8C8F /* Assets.xcassets */ = {isa = PBXFileReference; lastKnownFileType = folder.assetcatalog; path = Assets.xcassets; sourceTree = "<group>"; };
		BDF724CB2BBF2F45000B8C8F /* Base */ = {isa = PBXFileReference; lastKnownFileType = file.storyboard; name = Base; path = Base.lproj/LaunchScreen.storyboard; sourceTree = "<group>"; };
		BDF724CD2BBF2F45000B8C8F /* Info.plist */ = {isa = PBXFileReference; lastKnownFileType = text.plist.xml; path = Info.plist; sourceTree = "<group>"; };
		BDF724D92BBF4D21000B8C8F /* Router.swift */ = {isa = PBXFileReference; lastKnownFileType = sourcecode.swift; path = Router.swift; sourceTree = "<group>"; };
		BDF724DB2BBF4D5B000B8C8F /* AppRouter.swift */ = {isa = PBXFileReference; lastKnownFileType = sourcecode.swift; path = AppRouter.swift; sourceTree = "<group>"; };
		BDF724DD2BBF4D86000B8C8F /* AppTransition.swift */ = {isa = PBXFileReference; lastKnownFileType = sourcecode.swift; path = AppTransition.swift; sourceTree = "<group>"; };
		BDF724E02BBF4E0A000B8C8F /* Coordinator.swift */ = {isa = PBXFileReference; lastKnownFileType = sourcecode.swift; path = Coordinator.swift; sourceTree = "<group>"; };
		BDF724E22BBF4E45000B8C8F /* FirstView.swift */ = {isa = PBXFileReference; lastKnownFileType = sourcecode.swift; path = FirstView.swift; sourceTree = "<group>"; };
		BDF724E42BBF4E69000B8C8F /* SecondView.swift */ = {isa = PBXFileReference; lastKnownFileType = sourcecode.swift; path = SecondView.swift; sourceTree = "<group>"; };
		BDF724E62BBF4E7C000B8C8F /* ThirdView.swift */ = {isa = PBXFileReference; lastKnownFileType = sourcecode.swift; path = ThirdView.swift; sourceTree = "<group>"; };
		BDF724E82BBF4E92000B8C8F /* FirstCoordinator.swift */ = {isa = PBXFileReference; lastKnownFileType = sourcecode.swift; path = FirstCoordinator.swift; sourceTree = "<group>"; };
		BDF724EA2BBF4E9F000B8C8F /* FirstTransition.swift */ = {isa = PBXFileReference; lastKnownFileType = sourcecode.swift; path = FirstTransition.swift; sourceTree = "<group>"; };
		BDF724EC2BBF4EAC000B8C8F /* FirstRouter.swift */ = {isa = PBXFileReference; lastKnownFileType = sourcecode.swift; path = FirstRouter.swift; sourceTree = "<group>"; };
		BDF724EE2BBF5037000B8C8F /* App.swift */ = {isa = PBXFileReference; lastKnownFileType = sourcecode.swift; path = App.swift; sourceTree = "<group>"; };
		BDF724F52BBF6291000B8C8F /* QRScannerUIView.swift */ = {isa = PBXFileReference; lastKnownFileType = sourcecode.swift; path = QRScannerUIView.swift; sourceTree = "<group>"; };
		BDF724F72BBF6984000B8C8F /* QRScannerView.swift */ = {isa = PBXFileReference; lastKnownFileType = sourcecode.swift; path = QRScannerView.swift; sourceTree = "<group>"; };
/* End PBXFileReference section */

/* Begin PBXFrameworksBuildPhase section */
		BDF724B92BBF2F44000B8C8F /* Frameworks */ = {
			isa = PBXFrameworksBuildPhase;
			buildActionMask = 2147483647;
			files = (
			);
			runOnlyForDeploymentPostprocessing = 0;
		};
/* End PBXFrameworksBuildPhase section */

/* Begin PBXGroup section */
		BDF724B32BBF2F44000B8C8F = {
			isa = PBXGroup;
			children = (
				BDF724BE2BBF2F44000B8C8F /* QR-Interactor */,
				BDF724BD2BBF2F44000B8C8F /* Products */,
			);
			sourceTree = "<group>";
		};
		BDF724BD2BBF2F44000B8C8F /* Products */ = {
			isa = PBXGroup;
			children = (
				BDF724BC2BBF2F44000B8C8F /* QR-Interactor.app */,
			);
			name = Products;
			sourceTree = "<group>";
		};
		BDF724BE2BBF2F44000B8C8F /* QR-Interactor */ = {
			isa = PBXGroup;
			children = (
				BDF724EE2BBF5037000B8C8F /* App.swift */,
				BDF724BF2BBF2F44000B8C8F /* AppDelegate.swift */,
				BDF724C12BBF2F44000B8C8F /* SceneDelegate.swift */,
				BDF724DD2BBF4D86000B8C8F /* AppTransition.swift */,
				BDF724F22BBF5F5C000B8C8F /* Utility */,
				BDF724D72BBF4D11000B8C8F /* Protocols */,
				BDF724D32BBF4CE5000B8C8F /* Views */,
				BDF724C82BBF2F45000B8C8F /* Assets.xcassets */,
				BDF724CA2BBF2F45000B8C8F /* LaunchScreen.storyboard */,
				BDF724CD2BBF2F45000B8C8F /* Info.plist */,
			);
			path = "QR-Interactor";
			sourceTree = "<group>";
		};
		BDF724D32BBF4CE5000B8C8F /* Views */ = {
			isa = PBXGroup;
			children = (
				BDF724D42BBF4CFC000B8C8F /* First */,
				BDF724D52BBF4D07000B8C8F /* Second */,
				BDF724D62BBF4D0B000B8C8F /* Third */,
			);
			path = Views;
			sourceTree = "<group>";
		};
		BDF724D42BBF4CFC000B8C8F /* First */ = {
			isa = PBXGroup;
			children = (
				BDF724EA2BBF4E9F000B8C8F /* FirstTransition.swift */,
				BDF724E82BBF4E92000B8C8F /* FirstCoordinator.swift */,
				BDF724E22BBF4E45000B8C8F /* FirstView.swift */,
			);
			path = First;
			sourceTree = "<group>";
		};
		BDF724D52BBF4D07000B8C8F /* Second */ = {
			isa = PBXGroup;
			children = (
				BDF724E42BBF4E69000B8C8F /* SecondView.swift */,
			);
			path = Second;
			sourceTree = "<group>";
		};
		BDF724D62BBF4D0B000B8C8F /* Third */ = {
			isa = PBXGroup;
			children = (
				BDF724E62BBF4E7C000B8C8F /* ThirdView.swift */,
			);
			path = Third;
			sourceTree = "<group>";
		};
		BDF724D72BBF4D11000B8C8F /* Protocols */ = {
			isa = PBXGroup;
			children = (
				BDF724DF2BBF4E01000B8C8F /* Coordinator */,
				BDF724D82BBF4D15000B8C8F /* Router */,
			);
			path = Protocols;
			sourceTree = "<group>";
		};
		BDF724D82BBF4D15000B8C8F /* Router */ = {
			isa = PBXGroup;
			children = (
				BDF724D92BBF4D21000B8C8F /* Router.swift */,
				BDF724DB2BBF4D5B000B8C8F /* AppRouter.swift */,
				BDF724EC2BBF4EAC000B8C8F /* FirstRouter.swift */,
			);
			path = Router;
			sourceTree = "<group>";
		};
		BDF724DF2BBF4E01000B8C8F /* Coordinator */ = {
			isa = PBXGroup;
			children = (
				BDF724E02BBF4E0A000B8C8F /* Coordinator.swift */,
			);
			path = Coordinator;
			sourceTree = "<group>";
		};
		BDF724F22BBF5F5C000B8C8F /* Utility */ = {
			isa = PBXGroup;
			children = (
				BDF724F32BBF5F65000B8C8F /* ReusableComponents */,
			);
			path = Utility;
			sourceTree = "<group>";
		};
		BDF724F32BBF5F65000B8C8F /* ReusableComponents */ = {
			isa = PBXGroup;
			children = (
				BDF724F42BBF5FAE000B8C8F /* QRScanner */,
			);
			path = ReusableComponents;
			sourceTree = "<group>";
		};
		BDF724F42BBF5FAE000B8C8F /* QRScanner */ = {
			isa = PBXGroup;
			children = (
				BDF724F72BBF6984000B8C8F /* QRScannerView.swift */,
				BDF724F52BBF6291000B8C8F /* QRScannerUIView.swift */,
			);
			path = QRScanner;
			sourceTree = "<group>";
		};
/* End PBXGroup section */

/* Begin PBXNativeTarget section */
		BDF724BB2BBF2F44000B8C8F /* QR-Interactor */ = {
			isa = PBXNativeTarget;
			buildConfigurationList = BDF724D02BBF2F45000B8C8F /* Build configuration list for PBXNativeTarget "QR-Interactor" */;
			buildPhases = (
				BDF724B82BBF2F44000B8C8F /* Sources */,
				BDF724B92BBF2F44000B8C8F /* Frameworks */,
				BDF724BA2BBF2F44000B8C8F /* Resources */,
			);
			buildRules = (
			);
			dependencies = (
			);
			name = "QR-Interactor";
			productName = "QR-Interactor";
			productReference = BDF724BC2BBF2F44000B8C8F /* QR-Interactor.app */;
			productType = "com.apple.product-type.application";
		};
/* End PBXNativeTarget section */

/* Begin PBXProject section */
		BDF724B42BBF2F44000B8C8F /* Project object */ = {
			isa = PBXProject;
			attributes = {
				BuildIndependentTargetsInParallel = 1;
				LastSwiftUpdateCheck = 1520;
				LastUpgradeCheck = 1520;
				TargetAttributes = {
					BDF724BB2BBF2F44000B8C8F = {
						CreatedOnToolsVersion = 15.2;
					};
				};
			};
			buildConfigurationList = BDF724B72BBF2F44000B8C8F /* Build configuration list for PBXProject "QR-Interactor" */;
			compatibilityVersion = "Xcode 14.0";
			developmentRegion = en;
			hasScannedForEncodings = 0;
			knownRegions = (
				en,
				Base,
			);
			mainGroup = BDF724B32BBF2F44000B8C8F;
			productRefGroup = BDF724BD2BBF2F44000B8C8F /* Products */;
			projectDirPath = "";
			projectRoot = "";
			targets = (
				BDF724BB2BBF2F44000B8C8F /* QR-Interactor */,
			);
		};
/* End PBXProject section */

/* Begin PBXResourcesBuildPhase section */
		BDF724BA2BBF2F44000B8C8F /* Resources */ = {
			isa = PBXResourcesBuildPhase;
			buildActionMask = 2147483647;
			files = (
				BDF724CC2BBF2F45000B8C8F /* LaunchScreen.storyboard in Resources */,
				BDF724C92BBF2F45000B8C8F /* Assets.xcassets in Resources */,
			);
			runOnlyForDeploymentPostprocessing = 0;
		};
/* End PBXResourcesBuildPhase section */

/* Begin PBXSourcesBuildPhase section */
		BDF724B82BBF2F44000B8C8F /* Sources */ = {
			isa = PBXSourcesBuildPhase;
			buildActionMask = 2147483647;
			files = (
				BDF724EF2BBF5037000B8C8F /* App.swift in Sources */,
				BDF724E32BBF4E45000B8C8F /* FirstView.swift in Sources */,
				BDF724E72BBF4E7C000B8C8F /* ThirdView.swift in Sources */,
				BDF724DC2BBF4D5B000B8C8F /* AppRouter.swift in Sources */,
				BDF724F82BBF6984000B8C8F /* QRScannerView.swift in Sources */,
				BDF724E52BBF4E69000B8C8F /* SecondView.swift in Sources */,
				BDF724DE2BBF4D86000B8C8F /* AppTransition.swift in Sources */,
				BDF724ED2BBF4EAC000B8C8F /* FirstRouter.swift in Sources */,
				BDF724E92BBF4E92000B8C8F /* FirstCoordinator.swift in Sources */,
				BDF724E12BBF4E0A000B8C8F /* Coordinator.swift in Sources */,
				BDF724C02BBF2F44000B8C8F /* AppDelegate.swift in Sources */,
				BDF724DA2BBF4D21000B8C8F /* Router.swift in Sources */,
				BDF724EB2BBF4E9F000B8C8F /* FirstTransition.swift in Sources */,
				BDF724F62BBF6292000B8C8F /* QRScannerUIView.swift in Sources */,
				BDF724C22BBF2F44000B8C8F /* SceneDelegate.swift in Sources */,
			);
			runOnlyForDeploymentPostprocessing = 0;
		};
/* End PBXSourcesBuildPhase section */

/* Begin PBXVariantGroup section */
		BDF724CA2BBF2F45000B8C8F /* LaunchScreen.storyboard */ = {
			isa = PBXVariantGroup;
			children = (
				BDF724CB2BBF2F45000B8C8F /* Base */,
			);
			name = LaunchScreen.storyboard;
			sourceTree = "<group>";
		};
/* End PBXVariantGroup section */

/* Begin XCBuildConfiguration section */
		BDF724CE2BBF2F45000B8C8F /* Debug */ = {
			isa = XCBuildConfiguration;
			buildSettings = {
				ALWAYS_SEARCH_USER_PATHS = NO;
				ASSETCATALOG_COMPILER_GENERATE_SWIFT_ASSET_SYMBOL_EXTENSIONS = YES;
				CLANG_ANALYZER_NONNULL = YES;
				CLANG_ANALYZER_NUMBER_OBJECT_CONVERSION = YES_AGGRESSIVE;
				CLANG_CXX_LANGUAGE_STANDARD = "gnu++20";
				CLANG_ENABLE_MODULES = YES;
				CLANG_ENABLE_OBJC_ARC = YES;
				CLANG_ENABLE_OBJC_WEAK = YES;
				CLANG_WARN_BLOCK_CAPTURE_AUTORELEASING = YES;
				CLANG_WARN_BOOL_CONVERSION = YES;
				CLANG_WARN_COMMA = YES;
				CLANG_WARN_CONSTANT_CONVERSION = YES;
				CLANG_WARN_DEPRECATED_OBJC_IMPLEMENTATIONS = YES;
				CLANG_WARN_DIRECT_OBJC_ISA_USAGE = YES_ERROR;
				CLANG_WARN_DOCUMENTATION_COMMENTS = YES;
				CLANG_WARN_EMPTY_BODY = YES;
				CLANG_WARN_ENUM_CONVERSION = YES;
				CLANG_WARN_INFINITE_RECURSION = YES;
				CLANG_WARN_INT_CONVERSION = YES;
				CLANG_WARN_NON_LITERAL_NULL_CONVERSION = YES;
				CLANG_WARN_OBJC_IMPLICIT_RETAIN_SELF = YES;
				CLANG_WARN_OBJC_LITERAL_CONVERSION = YES;
				CLANG_WARN_OBJC_ROOT_CLASS = YES_ERROR;
				CLANG_WARN_QUOTED_INCLUDE_IN_FRAMEWORK_HEADER = YES;
				CLANG_WARN_RANGE_LOOP_ANALYSIS = YES;
				CLANG_WARN_STRICT_PROTOTYPES = YES;
				CLANG_WARN_SUSPICIOUS_MOVE = YES;
				CLANG_WARN_UNGUARDED_AVAILABILITY = YES_AGGRESSIVE;
				CLANG_WARN_UNREACHABLE_CODE = YES;
				CLANG_WARN__DUPLICATE_METHOD_MATCH = YES;
				COPY_PHASE_STRIP = NO;
				DEBUG_INFORMATION_FORMAT = dwarf;
				ENABLE_STRICT_OBJC_MSGSEND = YES;
				ENABLE_TESTABILITY = YES;
				ENABLE_USER_SCRIPT_SANDBOXING = YES;
				GCC_C_LANGUAGE_STANDARD = gnu17;
				GCC_DYNAMIC_NO_PIC = NO;
				GCC_NO_COMMON_BLOCKS = YES;
				GCC_OPTIMIZATION_LEVEL = 0;
				GCC_PREPROCESSOR_DEFINITIONS = (
					"DEBUG=1",
					"$(inherited)",
				);
				GCC_WARN_64_TO_32_BIT_CONVERSION = YES;
				GCC_WARN_ABOUT_RETURN_TYPE = YES_ERROR;
				GCC_WARN_UNDECLARED_SELECTOR = YES;
				GCC_WARN_UNINITIALIZED_AUTOS = YES_AGGRESSIVE;
				GCC_WARN_UNUSED_FUNCTION = YES;
				GCC_WARN_UNUSED_VARIABLE = YES;
				IPHONEOS_DEPLOYMENT_TARGET = 17.2;
				LOCALIZATION_PREFERS_STRING_CATALOGS = YES;
				MTL_ENABLE_DEBUG_INFO = INCLUDE_SOURCE;
				MTL_FAST_MATH = YES;
				ONLY_ACTIVE_ARCH = YES;
				SDKROOT = iphoneos;
				SWIFT_ACTIVE_COMPILATION_CONDITIONS = "DEBUG $(inherited)";
				SWIFT_OPTIMIZATION_LEVEL = "-Onone";
				SWIFT_VERSION = "";
			};
			name = Debug;
		};
		BDF724CF2BBF2F45000B8C8F /* Release */ = {
			isa = XCBuildConfiguration;
			buildSettings = {
				ALWAYS_SEARCH_USER_PATHS = NO;
				ASSETCATALOG_COMPILER_GENERATE_SWIFT_ASSET_SYMBOL_EXTENSIONS = YES;
				CLANG_ANALYZER_NONNULL = YES;
				CLANG_ANALYZER_NUMBER_OBJECT_CONVERSION = YES_AGGRESSIVE;
				CLANG_CXX_LANGUAGE_STANDARD = "gnu++20";
				CLANG_ENABLE_MODULES = YES;
				CLANG_ENABLE_OBJC_ARC = YES;
				CLANG_ENABLE_OBJC_WEAK = YES;
				CLANG_WARN_BLOCK_CAPTURE_AUTORELEASING = YES;
				CLANG_WARN_BOOL_CONVERSION = YES;
				CLANG_WARN_COMMA = YES;
				CLANG_WARN_CONSTANT_CONVERSION = YES;
				CLANG_WARN_DEPRECATED_OBJC_IMPLEMENTATIONS = YES;
				CLANG_WARN_DIRECT_OBJC_ISA_USAGE = YES_ERROR;
				CLANG_WARN_DOCUMENTATION_COMMENTS = YES;
				CLANG_WARN_EMPTY_BODY = YES;
				CLANG_WARN_ENUM_CONVERSION = YES;
				CLANG_WARN_INFINITE_RECURSION = YES;
				CLANG_WARN_INT_CONVERSION = YES;
				CLANG_WARN_NON_LITERAL_NULL_CONVERSION = YES;
				CLANG_WARN_OBJC_IMPLICIT_RETAIN_SELF = YES;
				CLANG_WARN_OBJC_LITERAL_CONVERSION = YES;
				CLANG_WARN_OBJC_ROOT_CLASS = YES_ERROR;
				CLANG_WARN_QUOTED_INCLUDE_IN_FRAMEWORK_HEADER = YES;
				CLANG_WARN_RANGE_LOOP_ANALYSIS = YES;
				CLANG_WARN_STRICT_PROTOTYPES = YES;
				CLANG_WARN_SUSPICIOUS_MOVE = YES;
				CLANG_WARN_UNGUARDED_AVAILABILITY = YES_AGGRESSIVE;
				CLANG_WARN_UNREACHABLE_CODE = YES;
				CLANG_WARN__DUPLICATE_METHOD_MATCH = YES;
				COPY_PHASE_STRIP = NO;
				DEBUG_INFORMATION_FORMAT = "dwarf-with-dsym";
				ENABLE_NS_ASSERTIONS = NO;
				ENABLE_STRICT_OBJC_MSGSEND = YES;
				ENABLE_USER_SCRIPT_SANDBOXING = YES;
				GCC_C_LANGUAGE_STANDARD = gnu17;
				GCC_NO_COMMON_BLOCKS = YES;
				GCC_WARN_64_TO_32_BIT_CONVERSION = YES;
				GCC_WARN_ABOUT_RETURN_TYPE = YES_ERROR;
				GCC_WARN_UNDECLARED_SELECTOR = YES;
				GCC_WARN_UNINITIALIZED_AUTOS = YES_AGGRESSIVE;
				GCC_WARN_UNUSED_FUNCTION = YES;
				GCC_WARN_UNUSED_VARIABLE = YES;
				IPHONEOS_DEPLOYMENT_TARGET = 17.2;
				LOCALIZATION_PREFERS_STRING_CATALOGS = YES;
				MTL_ENABLE_DEBUG_INFO = NO;
				MTL_FAST_MATH = YES;
				SDKROOT = iphoneos;
				SWIFT_COMPILATION_MODE = wholemodule;
				SWIFT_VERSION = "";
				VALIDATE_PRODUCT = YES;
			};
			name = Release;
		};
		BDF724D12BBF2F45000B8C8F /* Debug */ = {
			isa = XCBuildConfiguration;
			buildSettings = {
				ASSETCATALOG_COMPILER_APPICON_NAME = AppIcon;
				ASSETCATALOG_COMPILER_GLOBAL_ACCENT_COLOR_NAME = AccentColor;
				ASSETCATALOG_COMPILER_INCLUDE_ALL_APPICON_ASSETS = NO;
				CODE_SIGN_STYLE = Manual;
				CURRENT_PROJECT_VERSION = 1;
				DEVELOPMENT_TEAM = "";
				GENERATE_INFOPLIST_FILE = YES;
				INFOPLIST_FILE = "QR-Interactor/Info.plist";
				INFOPLIST_KEY_CFBundleDisplayName = ScanMoon;
				INFOPLIST_KEY_LSApplicationCategoryType = "public.app-category.utilities";
				INFOPLIST_KEY_NSCameraUsageDescription = "Camera will be used to Scan QR codes";
				INFOPLIST_KEY_UIApplicationSupportsIndirectInputEvents = YES;
				INFOPLIST_KEY_UILaunchStoryboardName = LaunchScreen;
				INFOPLIST_KEY_UIStatusBarHidden = YES;
				INFOPLIST_KEY_UIStatusBarStyle = UIStatusBarStyleDarkContent;
				INFOPLIST_KEY_UISupportedInterfaceOrientations = "UIInterfaceOrientationPortrait UIInterfaceOrientationPortraitUpsideDown";
				INFOPLIST_KEY_UISupportedInterfaceOrientations_iPad = "UIInterfaceOrientationLandscapeRight UIInterfaceOrientationPortrait";
				IPHONEOS_DEPLOYMENT_TARGET = 16.0;
				LD_RUNPATH_SEARCH_PATHS = (
					"$(inherited)",
					"@executable_path/Frameworks",
				);
				MARKETING_VERSION = 1.0;
				PRODUCT_BUNDLE_IDENTIFIER = "com.luna.QR-Interactor";
				PRODUCT_NAME = "$(TARGET_NAME)";
				PROVISIONING_PROFILE_SPECIFIER = "";
				SUPPORTED_PLATFORMS = "iphoneos iphonesimulator";
				SUPPORTS_MACCATALYST = NO;
				SUPPORTS_MAC_DESIGNED_FOR_IPHONE_IPAD = NO;
				SUPPORTS_XR_DESIGNED_FOR_IPHONE_IPAD = NO;
				SWIFT_EMIT_LOC_STRINGS = YES;
				SWIFT_VERSION = 5.0;
				TARGETED_DEVICE_FAMILY = 1;
			};
			name = Debug;
		};
		BDF724D22BBF2F45000B8C8F /* Release */ = {
			isa = XCBuildConfiguration;
			buildSettings = {
				ASSETCATALOG_COMPILER_APPICON_NAME = AppIcon;
				ASSETCATALOG_COMPILER_GLOBAL_ACCENT_COLOR_NAME = AccentColor;
				ASSETCATALOG_COMPILER_INCLUDE_ALL_APPICON_ASSETS = NO;
				CODE_SIGN_STYLE = Manual;
				CURRENT_PROJECT_VERSION = 1;
				DEVELOPMENT_TEAM = "";
				GENERATE_INFOPLIST_FILE = YES;
				INFOPLIST_FILE = "QR-Interactor/Info.plist";
				INFOPLIST_KEY_CFBundleDisplayName = ScanMoon;
				INFOPLIST_KEY_LSApplicationCategoryType = "public.app-category.utilities";
				INFOPLIST_KEY_NSCameraUsageDescription = "Camera will be used to Scan QR codes";
				INFOPLIST_KEY_UIApplicationSupportsIndirectInputEvents = YES;
				INFOPLIST_KEY_UILaunchStoryboardName = LaunchScreen;
				INFOPLIST_KEY_UIStatusBarHidden = YES;
				INFOPLIST_KEY_UIStatusBarStyle = UIStatusBarStyleDarkContent;
				INFOPLIST_KEY_UISupportedInterfaceOrientations = "UIInterfaceOrientationPortrait UIInterfaceOrientationPortraitUpsideDown";
				INFOPLIST_KEY_UISupportedInterfaceOrientations_iPad = "UIInterfaceOrientationLandscapeRight UIInterfaceOrientationPortrait";
				IPHONEOS_DEPLOYMENT_TARGET = 16.0;
				LD_RUNPATH_SEARCH_PATHS = (
					"$(inherited)",
					"@executable_path/Frameworks",
				);
				MARKETING_VERSION = 1.0;
				PRODUCT_BUNDLE_IDENTIFIER = "com.luna.QR-Interactor";
				PRODUCT_NAME = "$(TARGET_NAME)";
				PROVISIONING_PROFILE_SPECIFIER = "";
				SUPPORTED_PLATFORMS = "iphoneos iphonesimulator";
				SUPPORTS_MACCATALYST = NO;
				SUPPORTS_MAC_DESIGNED_FOR_IPHONE_IPAD = NO;
				SUPPORTS_XR_DESIGNED_FOR_IPHONE_IPAD = NO;
				SWIFT_EMIT_LOC_STRINGS = YES;
				SWIFT_VERSION = 5.0;
				TARGETED_DEVICE_FAMILY = 1;
			};
			name = Release;
		};
/* End XCBuildConfiguration section */

/* Begin XCConfigurationList section */
		BDF724B72BBF2F44000B8C8F /* Build configuration list for PBXProject "QR-Interactor" */ = {
			isa = XCConfigurationList;
			buildConfigurations = (
				BDF724CE2BBF2F45000B8C8F /* Debug */,
				BDF724CF2BBF2F45000B8C8F /* Release */,
			);
			defaultConfigurationIsVisible = 0;
			defaultConfigurationName = Release;
		};
		BDF724D02BBF2F45000B8C8F /* Build configuration list for PBXNativeTarget "QR-Interactor" */ = {
			isa = XCConfigurationList;
			buildConfigurations = (
				BDF724D12BBF2F45000B8C8F /* Debug */,
				BDF724D22BBF2F45000B8C8F /* Release */,
			);
			defaultConfigurationIsVisible = 0;
			defaultConfigurationName = Release;
		};
/* End XCConfigurationList section */
	};
	rootObject = BDF724B42BBF2F44000B8C8F /* Project object */;
}
